
Microsoft Visual Studio Solution File, Format Version 12.00
# Visual Studio 15
VisualStudioVersion = 15.0.27004.2002
MinimumVisualStudioVersion = 10.0.40219.1
Project("{8BC9CEB8-8B4A-11D0-8D11-00A0C91BC942}") = "Glitter2017", "Glitter2017\Glitter2017.vcxproj", "{41AA2203-DA8D-458F-8ED9-2DD42F3D35BC}"
EndProject
Global
	GlobalSection(SolutionConfigurationPlatforms) = preSolution
		Debug|x64 = Debug|x64
		Debug|x86 = Debug|x86
		Release|x64 = Release|x64
		Release|x86 = Release|x86
	EndGlobalSection
	GlobalSection(ProjectConfigurationPlatforms) = postSolution
		{41AA2203-DA8D-458F-8ED9-2DD42F3D35BC}.Debug|x64.ActiveCfg = Debug|x64
		{41AA2203-DA8D-458F-8ED9-2DD42F3D35BC}.Debug|x64.Build.0 = Debug|x64
		{41AA2203-DA8D-458F-8ED9-2DD42F3D35BC}.Debug|x86.ActiveCfg = Debug|x64
		{41AA2203-DA8D-458F-8ED9-2DD42F3D35BC}.Debug|x86.Build.0 = Debug|x64
		{41AA2203-DA8D-458F-8ED9-2DD42F3D35BC}.Release|x64.ActiveCfg = Release|x64
		{41AA2203-DA8D-458F-8ED9-2DD42F3D35BC}.Release|x64.Build.0 = Release|x64
		{41AA2203-DA8D-458F-8ED9-2DD42F3D35BC}.Release|x86.ActiveCfg = Release|Win32
		{41AA2203-DA8D-458F-8ED9-2DD42F3D35BC}.Release|x86.Build.0 = Release|Win32
	EndGlobalSection
	GlobalSection(SolutionProperties) = preSolution
		HideSolutionNode = FALSE
	EndGlobalSection
	GlobalSection(ExtensibilityGlobals) = postSolution
		SolutionGuid = {15F7167A-B175-4168-AEED-FB86ADDD335F}
	EndGlobalSection
EndGlobal
